// !$*UTF8*$!
{
	archiveVersion = 1;
	classes = {
	};
	objectVersion = 50;
	objects = {

/* Begin PBXBuildFile section */
		7122EBAF23D0529C00251C0D /* AppDelegate.swift in Sources */ = {isa = PBXBuildFile; fileRef = 7122EBAE23D0529C00251C0D /* AppDelegate.swift */; };
		7122EBB123D0529C00251C0D /* SceneDelegate.swift in Sources */ = {isa = PBXBuildFile; fileRef = 7122EBB023D0529C00251C0D /* SceneDelegate.swift */; };
		7122EBB323D0529C00251C0D /* ViewController.swift in Sources */ = {isa = PBXBuildFile; fileRef = 7122EBB223D0529C00251C0D /* ViewController.swift */; };
		7122EBB623D0529C00251C0D /* Main.storyboard in Resources */ = {isa = PBXBuildFile; fileRef = 7122EBB423D0529C00251C0D /* Main.storyboard */; };
		7122EBB823D0529D00251C0D /* Assets.xcassets in Resources */ = {isa = PBXBuildFile; fileRef = 7122EBB723D0529D00251C0D /* Assets.xcassets */; };
		7122EBBB23D0529D00251C0D /* LaunchScreen.storyboard in Resources */ = {isa = PBXBuildFile; fileRef = 7122EBB923D0529D00251C0D /* LaunchScreen.storyboard */; };
/* End PBXBuildFile section */

/* Begin PBXFileReference section */
		7122EBAB23D0529C00251C0D /* alter.app */ = {isa = PBXFileReference; explicitFileType = wrapper.application; includeInIndex = 0; path = alter.app; sourceTree = BUILT_PRODUCTS_DIR; };
		7122EBAE23D0529C00251C0D /* AppDelegate.swift */ = {isa = PBXFileReference; lastKnownFileType = sourcecode.swift; path = AppDelegate.swift; sourceTree = "<group>"; };
		7122EBB023D0529C00251C0D /* SceneDelegate.swift */ = {isa = PBXFileReference; lastKnownFileType = sourcecode.swift; path = SceneDelegate.swift; sourceTree = "<group>"; };
		7122EBB223D0529C00251C0D /* ViewController.swift */ = {isa = PBXFileReference; lastKnownFileType = sourcecode.swift; path = ViewController.swift; sourceTree = "<group>"; };
		7122EBB523D0529C00251C0D /* Base */ = {isa = PBXFileReference; lastKnownFileType = file.storyboard; name = Base; path = Base.lproj/Main.storyboard; sourceTree = "<group>"; };
		7122EBB723D0529D00251C0D /* Assets.xcassets */ = {isa = PBXFileReference; lastKnownFileType = folder.assetcatalog; path = Assets.xcassets; sourceTree = "<group>"; };
		7122EBBA23D0529D00251C0D /* Base */ = {isa = PBXFileReference; lastKnownFileType = file.storyboard; name = Base; path = Base.lproj/LaunchScreen.storyboard; sourceTree = "<group>"; };
		7122EBBC23D0529D00251C0D /* Info.plist */ = {isa = PBXFileReference; lastKnownFileType = text.plist.xml; path = Info.plist; sourceTree = "<group>"; };
/* End PBXFileReference section */

/* Begin PBXFrameworksBuildPhase section */
		7122EBA823D0529C00251C0D /* Frameworks */ = {
			isa = PBXFrameworksBuildPhase;
			buildActionMask = 2147483647;
			files = (
			);
			runOnlyForDeploymentPostprocessing = 0;
		};
/* End PBXFrameworksBuildPhase section */

/* Begin PBXGroup section */
		7122EBA223D0529C00251C0D = {
			isa = PBXGroup;
			children = (
				7122EBAD23D0529C00251C0D /* alter */,
				7122EBAC23D0529C00251C0D /* Products */,
			);
			sourceTree = "<group>";
		};
		7122EBAC23D0529C00251C0D /* Products */ = {
			isa = PBXGroup;
			children = (
				7122EBAB23D0529C00251C0D /* alter.app */,
			);
			name = Products;
			sourceTree = "<group>";
		};
		7122EBAD23D0529C00251C0D /* alter */ = {
			isa = PBXGroup;
			children = (
				7122EBAE23D0529C00251C0D /* AppDelegate.swift */,
				7122EBB023D0529C00251C0D /* SceneDelegate.swift */,
				7122EBB223D0529C00251C0D /* ViewController.swift */,
				7122EBB423D0529C00251C0D /* Main.storyboard */,
				7122EBB723D0529D00251C0D /* Assets.xcassets */,
				7122EBB923D0529D00251C0D /* LaunchScreen.storyboard */,
				7122EBBC23D0529D00251C0D /* Info.plist */,
			);
			path = alter;
			sourceTree = "<group>";
		};
/* End PBXGroup section */

/* Begin PBXNativeTarget section */
		7122EBAA23D0529C00251C0D /* alter */ = {
			isa = PBXNativeTarget;
			buildConfigurationList = 7122EBBF23D0529D00251C0D /* Build configuration list for PBXNativeTarget "alter" */;
			buildPhases = (
				7122EBA723D0529C00251C0D /* Sources */,
				7122EBA823D0529C00251C0D /* Frameworks */,
				7122EBA923D0529C00251C0D /* Resources */,
			);
			buildRules = (
			);
			dependencies = (
			);
			name = alter;
			productName = alter;
			productReference = 7122EBAB23D0529C00251C0D /* alter.app */;
			productType = "com.apple.product-type.application";
		};
/* End PBXNativeTarget section */

/* Begin PBXProject section */
		7122EBA323D0529C00251C0D /* Project object */ = {
			isa = PBXProject;
			attributes = {
				LastSwiftUpdateCheck = 1110;
				LastUpgradeCheck = 1110;
				ORGANIZATIONNAME = "Shahzod Buriev";
				TargetAttributes = {
					7122EBAA23D0529C00251C0D = {
						CreatedOnToolsVersion = 11.1;
					};
				};
			};
			buildConfigurationList = 7122EBA623D0529C00251C0D /* Build configuration list for PBXProject "alter" */;
			compatibilityVersion = "Xcode 9.3";
			developmentRegion = en;
			hasScannedForEncodings = 0;
			knownRegions = (
				en,
				Base,
			);
			mainGroup = 7122EBA223D0529C00251C0D;
			productRefGroup = 7122EBAC23D0529C00251C0D /* Products */;
			projectDirPath = "";
			projectRoot = "";
			targets = (
				7122EBAA23D0529C00251C0D /* alter */,
			);
		};
/* End PBXProject section */

/* Begin PBXResourcesBuildPhase section */
		7122EBA923D0529C00251C0D /* Resources */ = {
			isa = PBXResourcesBuildPhase;
			buildActionMask = 2147483647;
			files = (
				7122EBBB23D0529D00251C0D /* LaunchScreen.storyboard in Resources */,
				7122EBB823D0529D00251C0D /* Assets.xcassets in Resources */,
				7122EBB623D0529C00251C0D /* Main.storyboard in Resources */,
			);
			runOnlyForDeploymentPostprocessing = 0;
		};
/* End PBXResourcesBuildPhase section */

/* Begin PBXSourcesBuildPhase section */
		7122EBA723D0529C00251C0D /* Sources */ = {
			isa = PBXSourcesBuildPhase;
			buildActionMask = 2147483647;
			files = (
				7122EBB323D0529C00251C0D /* ViewController.swift in Sources */,
				7122EBAF23D0529C00251C0D /* AppDelegate.swift in Sources */,
				7122EBB123D0529C00251C0D /* SceneDelegate.swift in Sources */,
			);
			runOnlyForDeploymentPostprocessing = 0;
		};
/* End PBXSourcesBuildPhase section */

/* Begin PBXVariantGroup section */
		7122EBB423D0529C00251C0D /* Main.storyboard */ = {
			isa = PBXVariantGroup;
			children = (
				7122EBB523D0529C00251C0D /* Base */,
			);
			name = Main.storyboard;
			sourceTree = "<group>";
		};
		7122EBB923D0529D00251C0D /* LaunchScreen.storyboard */ = {
			isa = PBXVariantGroup;
			children = (
				7122EBBA23D0529D00251C0D /* Base */,
			);
			name = LaunchScreen.storyboard;
			sourceTree = "<group>";
		};
/* End PBXVariantGroup section */

/* Begin XCBuildConfiguration section */
		7122EBBD23D0529D00251C0D /* Debug */ = {
			isa = XCBuildConfiguration;
			buildSettings = {
				ALWAYS_SEARCH_USER_PATHS = NO;
				CLANG_ANALYZER_NONNULL = YES;
				CLANG_ANALYZER_NUMBER_OBJECT_CONVERSION = YES_AGGRESSIVE;
				CLANG_CXX_LANGUAGE_STANDARD = "gnu++14";
				CLANG_CXX_LIBRARY = "libc++";
				CLANG_ENABLE_MODULES = YES;
				CLANG_ENABLE_OBJC_ARC = YES;
				CLANG_ENABLE_OBJC_WEAK = YES;
				CLANG_WARN_BLOCK_CAPTURE_AUTORELEASING = YES;
				CLANG_WARN_BOOL_CONVERSION = YES;
				CLANG_WARN_COMMA = YES;
				CLANG_WARN_CONSTANT_CONVERSION = YES;
				CLANG_WARN_DEPRECATED_OBJC_IMPLEMENTATIONS = YES;
				CLANG_WARN_DIRECT_OBJC_ISA_USAGE = YES_ERROR;
				CLANG_WARN_DOCUMENTATION_COMMENTS = YES;
				CLANG_WARN_EMPTY_BODY = YES;
				CLANG_WARN_ENUM_CONVERSION = YES;
				CLANG_WARN_INFINITE_RECURSION = YES;
				CLANG_WARN_INT_CONVERSION = YES;
				CLANG_WARN_NON_LITERAL_NULL_CONVERSION = YES;
				CLANG_WARN_OBJC_IMPLICIT_RETAIN_SELF = YES;
				CLANG_WARN_OBJC_LITERAL_CONVERSION = YES;
				CLANG_WARN_OBJC_ROOT_CLASS = YES_ERROR;
				CLANG_WARN_RANGE_LOOP_ANALYSIS = YES;
				CLANG_WARN_STRICT_PROTOTYPES = YES;
				CLANG_WARN_SUSPICIOUS_MOVE = YES;
				CLANG_WARN_UNGUARDED_AVAILABILITY = YES_AGGRESSIVE;
				CLANG_WARN_UNREACHABLE_CODE = YES;
				CLANG_WARN__DUPLICATE_METHOD_MATCH = YES;
				COPY_PHASE_STRIP = NO;
				DEBUG_INFORMATION_FORMAT = dwarf;
				ENABLE_STRICT_OBJC_MSGSEND = YES;
				ENABLE_TESTABILITY = YES;
				GCC_C_LANGUAGE_STANDARD = gnu11;
				GCC_DYNAMIC_NO_PIC = NO;
				GCC_NO_COMMON_BLOCKS = YES;
				GCC_OPTIMIZATION_LEVEL = 0;
				GCC_PREPROCESSOR_DEFINITIONS = (
					"DEBUG=1",
					"$(inherited)",
				);
				GCC_WARN_64_TO_32_BIT_CONVERSION = YES;
				GCC_WARN_ABOUT_RETURN_TYPE = YES_ERROR;
				GCC_WARN_UNDECLARED_SELECTOR = YES;
				GCC_WARN_UNINITIALIZED_AUTOS = YES_AGGRESSIVE;
				GCC_WARN_UNUSED_FUNCTION = YES;
				GCC_WARN_UNUSED_VARIABLE = YES;
				IPHONEOS_DEPLOYMENT_TARGET = 13.1;
				MTL_ENABLE_DEBUG_INFO = INCLUDE_SOURCE;
				MTL_FAST_MATH = YES;
				ONLY_ACTIVE_ARCH = YES;
				SDKROOT = iphoneos;
				SWIFT_ACTIVE_COMPILATION_CONDITIONS = DEBUG;
				SWIFT_OPTIMIZATION_LEVEL = "-Onone";
			};
			name = Debug;
		};
		7122EBBE23D0529D00251C0D /* Release */ = {
			isa = XCBuildConfiguration;
			buildSettings = {
				ALWAYS_SEARCH_USER_PATHS = NO;
				CLANG_ANALYZER_NONNULL = YES;
				CLANG_ANALYZER_NUMBER_OBJECT_CONVERSION = YES_AGGRESSIVE;
				CLANG_CXX_LANGUAGE_STANDARD = "gnu++14";
				CLANG_CXX_LIBRARY = "libc++";
				CLANG_ENABLE_MODULES = YES;
				CLANG_ENABLE_OBJC_ARC = YES;
				CLANG_ENABLE_OBJC_WEAK = YES;
				CLANG_WARN_BLOCK_CAPTURE_AUTORELEASING = YES;
				CLANG_WARN_BOOL_CONVERSION = YES;
				CLANG_WARN_COMMA = YES;
				CLANG_WARN_CONSTANT_CONVERSION = YES;
				CLANG_WARN_DEPRECATED_OBJC_IMPLEMENTATIONS = YES;
				CLANG_WARN_DIRECT_OBJC_ISA_USAGE = YES_ERROR;
				CLANG_WARN_DOCUMENTATION_COMMENTS = YES;
				CLANG_WARN_EMPTY_BODY = YES;
				CLANG_WARN_ENUM_CONVERSION = YES;
				CLANG_WARN_INFINITE_RECURSION = YES;
				CLANG_WARN_INT_CONVERSION = YES;
				CLANG_WARN_NON_LITERAL_NULL_CONVERSION = YES;
				CLANG_WARN_OBJC_IMPLICIT_RETAIN_SELF = YES;
				CLANG_WARN_OBJC_LITERAL_CONVERSION = YES;
				CLANG_WARN_OBJC_ROOT_CLASS = YES_ERROR;
				CLANG_WARN_RANGE_LOOP_ANALYSIS = YES;
				CLANG_WARN_STRICT_PROTOTYPES = YES;
				CLANG_WARN_SUSPICIOUS_MOVE = YES;
				CLANG_WARN_UNGUARDED_AVAILABILITY = YES_AGGRESSIVE;
				CLANG_WARN_UNREACHABLE_CODE = YES;
				CLANG_WARN__DUPLICATE_METHOD_MATCH = YES;
				COPY_PHASE_STRIP = NO;
				DEBUG_INFORMATION_FORMAT = "dwarf-with-dsym";
				ENABLE_NS_ASSERTIONS = NO;
				ENABLE_STRICT_OBJC_MSGSEND = YES;
				GCC_C_LANGUAGE_STANDARD = gnu11;
				GCC_NO_COMMON_BLOCKS = YES;
				GCC_WARN_64_TO_32_BIT_CONVERSION = YES;
				GCC_WARN_ABOUT_RETURN_TYPE = YES_ERROR;
				GCC_WARN_UNDECLARED_SELECTOR = YES;
				GCC_WARN_UNINITIALIZED_AUTOS = YES_AGGRESSIVE;
				GCC_WARN_UNUSED_FUNCTION = YES;
				GCC_WARN_UNUSED_VARIABLE = YES;
				IPHONEOS_DEPLOYMENT_TARGET = 13.1;
				MTL_ENABLE_DEBUG_INFO = NO;
				MTL_FAST_MATH = YES;
				SDKROOT = iphoneos;
				SWIFT_COMPILATION_MODE = wholemodule;
				SWIFT_OPTIMIZATION_LEVEL = "-O";
				VALIDATE_PRODUCT = YES;
			};
			name = Release;
		};
		7122EBC023D0529D00251C0D /* Debug */ = {
			isa = XCBuildConfiguration;
			buildSettings = {
				ASSETCATALOG_COMPILER_APPICON_NAME = AppIcon;
				CODE_SIGN_STYLE = Automatic;
				DEVELOPMENT_TEAM = 935554T5Z9;
				INFOPLIST_FILE = alter/Info.plist;
				LD_RUNPATH_SEARCH_PATHS = (
					"$(inherited)",
					"@executable_path/Frameworks",
				);
				PRODUCT_BUNDLE_IDENTIFIER = com.shahzodburiev.alter;
				PRODUCT_NAME = "$(TARGET_NAME)";
				SWIFT_VERSION = 5.0;
				TARGETED_DEVICE_FAMILY = "1,2";
			};
			name = Debug;
		};
		7122EBC123D0529D00251C0D /* Release */ = {
			isa = XCBuildConfiguration;
			buildSettings = {
				ASSETCATALOG_COMPILER_APPICON_NAME = AppIcon;
				CODE_SIGN_STYLE = Automatic;
				DEVELOPMENT_TEAM = 935554T5Z9;
				INFOPLIST_FILE = alter/Info.plist;
				LD_RUNPATH_SEARCH_PATHS = (
					"$(inherited)",
					"@executable_path/Frameworks",
				);
				PRODUCT_BUNDLE_IDENTIFIER = com.shahzodburiev.alter;
				PRODUCT_NAME = "$(TARGET_NAME)";
				SWIFT_VERSION = 5.0;
				TARGETED_DEVICE_FAMILY = "1,2";
			};
			name = Release;
		};
/* End XCBuildConfiguration section */

/* Begin XCConfigurationList section */
		7122EBA623D0529C00251C0D /* Build configuration list for PBXProject "alter" */ = {
			isa = XCConfigurationList;
			buildConfigurations = (
				7122EBBD23D0529D00251C0D /* Debug */,
				7122EBBE23D0529D00251C0D /* Release */,
			);
			defaultConfigurationIsVisible = 0;
			defaultConfigurationName = Release;
		};
		7122EBBF23D0529D00251C0D /* Build configuration list for PBXNativeTarget "alter" */ = {
			isa = XCConfigurationList;
			buildConfigurations = (
				7122EBC023D0529D00251C0D /* Debug */,
				7122EBC123D0529D00251C0D /* Release */,
			);
			defaultConfigurationIsVisible = 0;
			defaultConfigurationName = Release;
		};
/* End XCConfigurationList section */
	};
	rootObject = 7122EBA323D0529C00251C0D /* Project object */;
}
